{
  "name": "@useless-media/useless-docs",
  "version": "0.0.17",
  "lockfileVersion": 3,
  "requires": true,
  "packages": {
    "": {
      "name": "@useless-media/useless-docs",
      "version": "0.0.17",
      "license": "MIT",
      "devDependencies": {
        "@useless-media/useless-sdk": "^0.3.0"
      }
    },
    "node_modules/@useless-media/useless-sdk": {
      "version": "0.3.0",
      "resolved": "https://npm.pkg.github.com/download/@useless-media/useless-sdk/0.3.0/1ff1b5e63e46a391e5b6531c65f4a1b20f2ce8ec",
      "integrity": "sha512-zFK0Jn/TrxUH8TazY7YdSFA3gwlMknp+V9abB9DptfKKN/k6VjTLG6tWBT5GJVDVY88I0Y8zkF5Kwnng4l0Bng==",
      "dev": true,
      "license": "ISC",
      "optionalDependencies": {
        "cron-parser": "^4.9.0"
      }
    },
    "node_modules/cron-parser": {
      "version": "4.9.0",
      "resolved": "https://registry.npmjs.org/cron-parser/-/cron-parser-4.9.0.tgz",
      "integrity": "sha512-p0SaNjrHOnQeR8/VnfGbmg9te2kfyYSQ7Sc/j/6DtPL3JQvKxmjO9TSjNFpujqV3vEYYBvNNvXSxzyksBWAx1Q==",
      "dev": true,
      "license": "MIT",
      "optional": true,
      "dependencies": {
        "luxon": "^3.2.1"
      },
      "engines": {
        "node": ">=12.0.0"
      }
    },
    "node_modules/luxon": {
      "version": "3.7.2",
      "resolved": "https://registry.npmjs.org/luxon/-/luxon-3.7.2.tgz",
      "integrity": "sha512-vtEhXh/gNjI9Yg1u4jX/0YVPMvxzHuGgCm6tC5kZyb08yjGWGnqAjGJvcXbqQR2P3MyMEFnRbpcdFS6PBcLqew==",
      "dev": true,
      "license": "MIT",
      "optional": true,
      "engines": {
        "node": ">=12"
      }
    }
  }
}
